
Microsoft Visual Studio Solution File, Format Version 12.00
# Visual Studio Version 17
VisualStudioVersion = 17.10.35013.160
MinimumVisualStudioVersion = 10.0.40219.1
Project("{9A19103F-16F7-4668-BE54-9A1E7A4F7556}") = "FolderCreatorConsole", "FolderCreatorConsole\FolderCreatorConsole.csproj", "{792F1364-C6C9-4FB2-85F0-8D6068C21D36}"
EndProject
Project("{FAE04EC0-301F-11D3-BF4B-00C04F79EFBC}") = "SharedKernel", "SharedKernel\SharedKernel.csproj", "{2C900DDB-29FB-4D3A-8F07-27436BAA5832}"
EndProject
Project("{FAE04EC0-301F-11D3-BF4B-00C04F79EFBC}") = "FolderCreation", "FolderCreation\FolderCreation.csproj", "{FFE8870D-65C1-4207-AFA5-0D38B8BE766C}"
EndProject
Project("{2150E333-8FDC-42A3-9474-1A3956D46DE8}") = "Solution Items", "Solution Items", "{2E72E4FF-C425-4573-A333-8D2F3624283C}"
	ProjectSection(SolutionItems) = preProject
		.editorconfig = .editorconfig
	EndProjectSection
EndProject
Global
	GlobalSection(SolutionConfigurationPlatforms) = preSolution
		Debug|Any CPU = Debug|Any CPU
		Release|Any CPU = Release|Any CPU
	EndGlobalSection
	GlobalSection(ProjectConfigurationPlatforms) = postSolution
		{792F1364-C6C9-4FB2-85F0-8D6068C21D36}.Debug|Any CPU.ActiveCfg = Debug|Any CPU
		{792F1364-C6C9-4FB2-85F0-8D6068C21D36}.Debug|Any CPU.Build.0 = Debug|Any CPU
		{792F1364-C6C9-4FB2-85F0-8D6068C21D36}.Release|Any CPU.ActiveCfg = Release|Any CPU
		{792F1364-C6C9-4FB2-85F0-8D6068C21D36}.Release|Any CPU.Build.0 = Release|Any CPU
		{2C900DDB-29FB-4D3A-8F07-27436BAA5832}.Debug|Any CPU.ActiveCfg = Debug|Any CPU
		{2C900DDB-29FB-4D3A-8F07-27436BAA5832}.Debug|Any CPU.Build.0 = Debug|Any CPU
		{2C900DDB-29FB-4D3A-8F07-27436BAA5832}.Release|Any CPU.ActiveCfg = Release|Any CPU
		{2C900DDB-29FB-4D3A-8F07-27436BAA5832}.Release|Any CPU.Build.0 = Release|Any CPU
		{FFE8870D-65C1-4207-AFA5-0D38B8BE766C}.Debug|Any CPU.ActiveCfg = Debug|Any CPU
		{FFE8870D-65C1-4207-AFA5-0D38B8BE766C}.Debug|Any CPU.Build.0 = Debug|Any CPU
		{FFE8870D-65C1-4207-AFA5-0D38B8BE766C}.Release|Any CPU.ActiveCfg = Release|Any CPU
		{FFE8870D-65C1-4207-AFA5-0D38B8BE766C}.Release|Any CPU.Build.0 = Release|Any CPU
	EndGlobalSection
	GlobalSection(SolutionProperties) = preSolution
		HideSolutionNode = FALSE
	EndGlobalSection
	GlobalSection(ExtensibilityGlobals) = postSolution
		SolutionGuid = {FA239CDB-F57B-4795-ACA7-F966372ED3DF}
	EndGlobalSection
EndGlobal
